<?xml version="1.0" encoding="utf-8"?>
<Project ToolsVersion="4.0" xmlns="http://schemas.microsoft.com/developer/msbuild/2003">
  <ItemGroup>
    <Filter Include="Source Files">
      <UniqueIdentifier>{4FC737F1-C7A5-4376-A066-2A32D752A2FF}</UniqueIdentifier>
      <Extensions>cpp;c;cc;cxx;def;odl;idl;hpj;bat;asm;asmx</Extensions>
    </Filter>
    <Filter Include="Header Files">
      <UniqueIdentifier>{93995380-89BD-4b04-88EB-625FBE52EBFB}</UniqueIdentifier>
      <Extensions>h;hh;hpp;hxx;hm;inl;inc;ipp;xsd</Extensions>
    </Filter>
    <Filter Include="Resource Files">
      <UniqueIdentifier>{67DA6AB6-F800-4c08-8B7A-83BB121AAD01}</UniqueIdentifier>
      <Extensions>rc;ico;cur;bmp;dlg;rc2;rct;bin;rgs;gif;jpg;jpeg;jpe;resx;tiff;tif;png;wav;mfcribbon-ms</Extensions>
    </Filter>
  </ItemGroup>
  <ItemGroup>
    <ClCompile Include="ImProConsoleMain.cpp">
      <Filter>Source Files</Filter>
    </ClCompile>
    <ClCompile Include="Submenu.cpp">
      <Filter>Source Files</Filter>
    </ClCompile>
    <ClCompile Include="impro_util.cpp">
      <Filter>Source Files</Filter>
    </ClCompile>
    <ClCompile Include="enhancedCorrelationWithReference.cpp">
      <Filter>Source Files</Filter>
    </ClCompile>
    <ClCompile Include="matchTemplateWithRot.cpp">
      <Filter>Source Files</Filter>
    </ClCompile>
    <ClCompile Include="matchTemplateWithRotPyr.cpp">
      <Filter>Source Files</Filter>
    </ClCompile>
    <ClCompile Include="IntrinsicCalibrator.cpp">
      <Filter>Source Files</Filter>
    </ClCompile>
    <ClCompile Include="pickAPoint.cpp">
      <Filter>Source Files</Filter>
    </ClCompile>
    <ClCompile Include="FileSeq.cpp">
      <Filter>Source Files</Filter>
    </ClCompile>
    <ClCompile Include="ImagePointsPicker.cpp">
      <Filter>Source Files</Filter>
    </ClCompile>
    <ClCompile Include="smoothZoomAndShow.cpp">
      <Filter>Source Files</Filter>
    </ClCompile>
    <ClCompile Include="IoData.cpp">
      <Filter>Source Files</Filter>
    </ClCompile>
    <ClCompile Include="Points2fHistoryData.cpp">
      <Filter>Source Files</Filter>
    </ClCompile>
    <ClCompile Include="Points3dHistoryData.cpp">
      <Filter>Source Files</Filter>
    </ClCompile>
    <ClCompile Include="FuncCalibStereoOnSite.cpp">
      <Filter>Source Files</Filter>
    </ClCompile>
    <ClCompile Include="FuncCalibInLabOnSite.cpp">
      <Filter>Source Files</Filter>
    </ClCompile>
    <ClCompile Include="FuncCalibOnSiteUserPoints.cpp">
      <Filter>Source Files</Filter>
    </ClCompile>
    <ClCompile Include="FuncTemplatesPicking.cpp">
      <Filter>Source Files</Filter>
    </ClCompile>
    <ClCompile Include="FuncTrackingPointsEcc.cpp">
      <Filter>Source Files</Filter>
    </ClCompile>
    <ClCompile Include="FuncTrackingPyrTmpltMatch.cpp">
      <Filter>Source Files</Filter>
    </ClCompile>
    <ClCompile Include="FuncVideo2Pics.cpp">
      <Filter>Source Files</Filter>
    </ClCompile>
    <ClCompile Include="FuncCamMoveCorrelation.cpp">
      <Filter>Source Files</Filter>
    </ClCompile>
    <ClCompile Include="FuncSyncTwoCams.cpp">
      <Filter>Source Files</Filter>
    </ClCompile>
    <ClCompile Include="FuncTriangulationAllSteps.cpp">
      <Filter>Source Files</Filter>
    </ClCompile>
    <ClCompile Include="sync.cpp">
      <Filter>Source Files</Filter>
    </ClCompile>
    <ClCompile Include="triangulatePoints2.cpp">
      <Filter>Source Files</Filter>
    </ClCompile>
    <ClCompile Include="FuncDrawHouse.cpp">
      <Filter>Source Files</Filter>
    </ClCompile>
    <ClCompile Include="FuncQ4TemplatesPicking.cpp">
      <Filter>Source Files</Filter>
    </ClCompile>
    <ClCompile Include="FuncOptflowSeq.cpp">
      <Filter>Source Files</Filter>
    </ClCompile>
    <ClCompile Include="FuncWallDisp.cpp">
      <Filter>Source Files</Filter>
    </ClCompile>
    <ClCompile Include="FuncCalibOnlyExtrinsic.cpp">
      <Filter>Source Files</Filter>
    </ClCompile>
    <ClCompile Include="FuncWallDispCam.cpp">
      <Filter>Source Files</Filter>
    </ClCompile>
    <ClCompile Include="FuncTryCamFocusExposure.cpp">
      <Filter>Source Files</Filter>
    </ClCompile>
    <ClCompile Include="CamMoveCorrector.cpp">
      <Filter>Source Files</Filter>
    </ClCompile>
  </ItemGroup>
  <ItemGroup>
    <ClInclude Include="improConsole.h">
      <Filter>Header Files</Filter>
    </ClInclude>
    <ClInclude Include="Submenu.h">
      <Filter>Header Files</Filter>
    </ClInclude>
    <ClInclude Include="impro_util.h">
      <Filter>Header Files</Filter>
    </ClInclude>
    <ClInclude Include="enhancedCorrelationWithReference.h">
      <Filter>Header Files</Filter>
    </ClInclude>
    <ClInclude Include="matchTemplateWithRot.h">
      <Filter>Header Files</Filter>
    </ClInclude>
    <ClInclude Include="matchTemplateWithRotPyr.h">
      <Filter>Header Files</Filter>
    </ClInclude>
    <ClInclude Include="IntrinsicCalibrator.h">
      <Filter>Header Files</Filter>
    </ClInclude>
    <ClInclude Include="pickAPoint.h">
      <Filter>Header Files</Filter>
    </ClInclude>
    <ClInclude Include="FileSeq.h">
      <Filter>Header Files</Filter>
    </ClInclude>
    <ClInclude Include="ImagePointsPicker.h">
      <Filter>Header Files</Filter>
    </ClInclude>
    <ClInclude Include="smoothZoomAndShow.h">
      <Filter>Header Files</Filter>
    </ClInclude>
    <ClInclude Include="IoData.h">
      <Filter>Header Files</Filter>
    </ClInclude>
    <ClInclude Include="Points2fHistoryData.h">
      <Filter>Header Files</Filter>
    </ClInclude>
    <ClInclude Include="Points3dHistoryData.h">
      <Filter>Header Files</Filter>
    </ClInclude>
    <ClInclude Include="sync.h">
      <Filter>Header Files</Filter>
    </ClInclude>
    <ClInclude Include="triangulatepoints2.h">
      <Filter>Header Files</Filter>
    </ClInclude>
    <ClInclude Include="CamMoveCorrector.h">
      <Filter>Header Files</Filter>
    </ClInclude>
  </ItemGroup>
</Project>